
Microsoft Visual Studio Solution File, Format Version 12.00
# Visual Studio Version 17
VisualStudioVersion = 17.7.34024.191
MinimumVisualStudioVersion = 10.0.40219.1
Project("{9A19103F-16F7-4668-BE54-9A1E7A4F7556}") = "ForsakenHangerWorkbench", "ForsakenHangerWorkbench.csproj", "{8EAD0696-035A-44A1-97CF-FF65DCAEC132}"
EndProject
Global
	GlobalSection(SolutionConfigurationPlatforms) = preSolution
		Debug|Any CPU = Debug|Any CPU
		Release|Any CPU = Release|Any CPU
	EndGlobalSection
	GlobalSection(ProjectConfigurationPlatforms) = postSolution
		{8EAD0696-035A-44A1-97CF-FF65DCAEC132}.Debug|Any CPU.ActiveCfg = Debug|Any CPU
		{8EAD0696-035A-44A1-97CF-FF65DCAEC132}.Debug|Any CPU.Build.0 = Debug|Any CPU
		{8EAD0696-035A-44A1-97CF-FF65DCAEC132}.Release|Any CPU.ActiveCfg = Release|Any CPU
		{8EAD0696-035A-44A1-97CF-FF65DCAEC132}.Release|Any CPU.Build.0 = Release|Any CPU
	EndGlobalSection
	GlobalSection(SolutionProperties) = preSolution
		HideSolutionNode = FALSE
	EndGlobalSection
	GlobalSection(ExtensibilityGlobals) = postSolution
		SolutionGuid = {87EF7C8A-2251-43E4-BF26-8B45E8911414}
	EndGlobalSection
EndGlobal
